
Microsoft Visual Studio Solution File, Format Version 12.00
# Visual Studio Version 17
VisualStudioVersion = 17.8.34309.116
MinimumVisualStudioVersion = 10.0.40219.1
Project("{FAE04EC0-301F-11D3-BF4B-00C04F79EFBC}") = "lab_2", "lab_2.csproj", "{099A141A-0F82-42D5-8B50-DB630F34D116}"
EndProject
Project("{FAE04EC0-301F-11D3-BF4B-00C04F79EFBC}") = "UnitTestProject", "UnitTestProject\UnitTestProject.csproj", "{357DAE3A-9975-458B-B24E-CE90819A4FF0}"
	ProjectSection(ProjectDependencies) = postProject
		{099A141A-0F82-42D5-8B50-DB630F34D116} = {099A141A-0F82-42D5-8B50-DB630F34D116}
	EndProjectSection
EndProject
Project("{2150E333-8FDC-42A3-9474-1A3956D46DE8}") = "Solution Items", "Solution Items", "{EA02A55E-7F4E-4A82-808D-2140926F3E29}"
	ProjectSection(SolutionItems) = preProject
		.editorconfig = .editorconfig
	EndProjectSection
EndProject
Global
	GlobalSection(SolutionConfigurationPlatforms) = preSolution
		Debug|Any CPU = Debug|Any CPU
		Release|Any CPU = Release|Any CPU
	EndGlobalSection
	GlobalSection(ProjectConfigurationPlatforms) = postSolution
		{099A141A-0F82-42D5-8B50-DB630F34D116}.Debug|Any CPU.ActiveCfg = Debug|Any CPU
		{099A141A-0F82-42D5-8B50-DB630F34D116}.Debug|Any CPU.Build.0 = Debug|Any CPU
		{099A141A-0F82-42D5-8B50-DB630F34D116}.Release|Any CPU.ActiveCfg = Release|Any CPU
		{099A141A-0F82-42D5-8B50-DB630F34D116}.Release|Any CPU.Build.0 = Release|Any CPU
		{357DAE3A-9975-458B-B24E-CE90819A4FF0}.Debug|Any CPU.ActiveCfg = Debug|Any CPU
		{357DAE3A-9975-458B-B24E-CE90819A4FF0}.Debug|Any CPU.Build.0 = Debug|Any CPU
		{357DAE3A-9975-458B-B24E-CE90819A4FF0}.Release|Any CPU.ActiveCfg = Release|Any CPU
		{357DAE3A-9975-458B-B24E-CE90819A4FF0}.Release|Any CPU.Build.0 = Release|Any CPU
	EndGlobalSection
	GlobalSection(SolutionProperties) = preSolution
		HideSolutionNode = FALSE
	EndGlobalSection
	GlobalSection(ExtensibilityGlobals) = postSolution
		SolutionGuid = {9B882F1C-6422-4FD8-BD35-124F0B8C610E}
	EndGlobalSection
EndGlobal
